
Microsoft Visual Studio Solution File, Format Version 12.00
Project("{FAE04EC0-301F-11D3-BF4B-00C04F79EFBC}") = "aula01_29-01", "aula01_29-01\aula01_29-01.csproj", "{70EBAA9E-0F15-4D56-BC9F-5BFAF02138EB}"
EndProject
Global
	GlobalSection(SolutionConfigurationPlatforms) = preSolution
		Debug|Any CPU = Debug|Any CPU
		Release|Any CPU = Release|Any CPU
	EndGlobalSection
	GlobalSection(ProjectConfigurationPlatforms) = postSolution
		{70EBAA9E-0F15-4D56-BC9F-5BFAF02138EB}.Debug|Any CPU.ActiveCfg = Debug|Any CPU
		{70EBAA9E-0F15-4D56-BC9F-5BFAF02138EB}.Debug|Any CPU.Build.0 = Debug|Any CPU
		{70EBAA9E-0F15-4D56-BC9F-5BFAF02138EB}.Release|Any CPU.ActiveCfg = Release|Any CPU
		{70EBAA9E-0F15-4D56-BC9F-5BFAF02138EB}.Release|Any CPU.Build.0 = Release|Any CPU
	EndGlobalSection
EndGlobal
